PODS:
  - BaiduMapKit (3.3.0)
  - IQKeyboardManager (4.0.9)

DEPENDENCIES:
  - BaiduMapKit
  - IQKeyboardManager

SPEC CHECKSUMS:
  BaiduMapKit: 6517f84bdca032170ee9da39985bb64eba8ed900
  IQKeyboardManager: 322c7405df3eb5f7e50dede32ea937bf3d4364e0

PODFILE CHECKSUM: 53ac392ee6a4c0fc2cd9e8a372b6d3c90656d797

COCOAPODS: 1.2.1
